
Microsoft Visual Studio Solution File, Format Version 12.00
# Visual Studio Version 16
VisualStudioVersion = 16.0.30413.136
MinimumVisualStudioVersion = 10.0.40219.1
Project("{FAE04EC0-301F-11D3-BF4B-00C04F79EFBC}") = "Check_eabay_todson", "Check_eabay_todson\Check_eabay_todson.csproj", "{6C7D2DC2-1128-411C-90CD-C48B5211F1CC}"
EndProject
Global
	GlobalSection(SolutionConfigurationPlatforms) = preSolution
		Debug|Any CPU = Debug|Any CPU
		Release|Any CPU = Release|Any CPU
	EndGlobalSection
	GlobalSection(ProjectConfigurationPlatforms) = postSolution
		{6C7D2DC2-1128-411C-90CD-C48B5211F1CC}.Debug|Any CPU.ActiveCfg = Debug|Any CPU
		{6C7D2DC2-1128-411C-90CD-C48B5211F1CC}.Debug|Any CPU.Build.0 = Debug|Any CPU
		{6C7D2DC2-1128-411C-90CD-C48B5211F1CC}.Release|Any CPU.ActiveCfg = Release|Any CPU
		{6C7D2DC2-1128-411C-90CD-C48B5211F1CC}.Release|Any CPU.Build.0 = Release|Any CPU
	EndGlobalSection
	GlobalSection(SolutionProperties) = preSolution
		HideSolutionNode = FALSE
	EndGlobalSection
	GlobalSection(ExtensibilityGlobals) = postSolution
		SolutionGuid = {52D39DD3-2B99-4DD8-BF19-C4097B22B7DD}
	EndGlobalSection
EndGlobal
